// !$*UTF8*$!
{
	archiveVersion = 1;
	classes = {
	};
	objectVersion = 48;
	objects = {

/* Begin PBXBuildFile section */
		F0662A02200286A400F3E2A7 /* AppDelegate.swift in Sources */ = {isa = PBXBuildFile; fileRef = F0662A01200286A400F3E2A7 /* AppDelegate.swift */; };
		F0662A04200286A400F3E2A7 /* ViewController.swift in Sources */ = {isa = PBXBuildFile; fileRef = F0662A03200286A400F3E2A7 /* ViewController.swift */; };
		F0662A07200286A400F3E2A7 /* Main.storyboard in Resources */ = {isa = PBXBuildFile; fileRef = F0662A05200286A400F3E2A7 /* Main.storyboard */; };
		F0662A09200286A400F3E2A7 /* Assets.xcassets in Resources */ = {isa = PBXBuildFile; fileRef = F0662A08200286A400F3E2A7 /* Assets.xcassets */; };
		F0662A0C200286A400F3E2A7 /* LaunchScreen.storyboard in Resources */ = {isa = PBXBuildFile; fileRef = F0662A0A200286A400F3E2A7 /* LaunchScreen.storyboard */; };
		F0662A1520028BE000F3E2A7 /* CoreMotion.framework in Frameworks */ = {isa = PBXBuildFile; fileRef = F0662A1420028BDF00F3E2A7 /* CoreMotion.framework */; };
		F0662A172002AE1400F3E2A7 /* GLKit.framework in Frameworks */ = {isa = PBXBuildFile; fileRef = F0662A162002AE1400F3E2A7 /* GLKit.framework */; };
		F0662A342002BA5800F3E2A7 /* README.md in Resources */ = {isa = PBXBuildFile; fileRef = F0662A182002BA5800F3E2A7 /* README.md */; };
		F0662A562002BC8A00F3E2A7 /* MjpegStreamingKit.framework in Frameworks */ = {isa = PBXBuildFile; fileRef = F0662A552002BC8000F3E2A7 /* MjpegStreamingKit.framework */; };
		F0662A592002BD6B00F3E2A7 /* MjpegStreamingKit.framework in Frameworks */ = {isa = PBXBuildFile; fileRef = F0662A552002BC8000F3E2A7 /* MjpegStreamingKit.framework */; };
		F0662A5A2002BD6B00F3E2A7 /* MjpegStreamingKit.framework in Embed Frameworks */ = {isa = PBXBuildFile; fileRef = F0662A552002BC8000F3E2A7 /* MjpegStreamingKit.framework */; settings = {ATTRIBUTES = (CodeSignOnCopy, RemoveHeadersOnCopy, ); }; };
/* End PBXBuildFile section */

/* Begin PBXContainerItemProxy section */
		F0662A542002BC8000F3E2A7 /* PBXContainerItemProxy */ = {
			isa = PBXContainerItemProxy;
			containerPortal = F0662A502002BC8000F3E2A7 /* MjpegStreamingKit.xcodeproj */;
			proxyType = 2;
			remoteGlobalIDString = 1A2AEA0C1CA9A43A0047FC82;
			remoteInfo = MjpegStreamingKit;
		};
		F0662A572002BC9500F3E2A7 /* PBXContainerItemProxy */ = {
			isa = PBXContainerItemProxy;
			containerPortal = F0662A502002BC8000F3E2A7 /* MjpegStreamingKit.xcodeproj */;
			proxyType = 1;
			remoteGlobalIDString = 1A2AEA0B1CA9A43A0047FC82;
			remoteInfo = MjpegStreamingKit;
		};
		F0662A5B2002BD6B00F3E2A7 /* PBXContainerItemProxy */ = {
			isa = PBXContainerItemProxy;
			containerPortal = F0662A502002BC8000F3E2A7 /* MjpegStreamingKit.xcodeproj */;
			proxyType = 1;
			remoteGlobalIDString = 1A2AEA0B1CA9A43A0047FC82;
			remoteInfo = MjpegStreamingKit;
		};
/* End PBXContainerItemProxy section */

/* Begin PBXCopyFilesBuildPhase section */
		F0662A5D2002BD6B00F3E2A7 /* Embed Frameworks */ = {
			isa = PBXCopyFilesBuildPhase;
			buildActionMask = 2147483647;
			dstPath = "";
			dstSubfolderSpec = 10;
			files = (
				F0662A5A2002BD6B00F3E2A7 /* MjpegStreamingKit.framework in Embed Frameworks */,
			);
			name = "Embed Frameworks";
			runOnlyForDeploymentPostprocessing = 0;
		};
/* End PBXCopyFilesBuildPhase section */

/* Begin PBXFileReference section */
		F06629FE200286A400F3E2A7 /* Camcam.app */ = {isa = PBXFileReference; explicitFileType = wrapper.application; includeInIndex = 0; path = Camcam.app; sourceTree = BUILT_PRODUCTS_DIR; };
		F0662A01200286A400F3E2A7 /* AppDelegate.swift */ = {isa = PBXFileReference; lastKnownFileType = sourcecode.swift; path = AppDelegate.swift; sourceTree = "<group>"; };
		F0662A03200286A400F3E2A7 /* ViewController.swift */ = {isa = PBXFileReference; lastKnownFileType = sourcecode.swift; path = ViewController.swift; sourceTree = "<group>"; };
		F0662A06200286A400F3E2A7 /* Base */ = {isa = PBXFileReference; lastKnownFileType = file.storyboard; name = Base; path = Base.lproj/Main.storyboard; sourceTree = "<group>"; };
		F0662A08200286A400F3E2A7 /* Assets.xcassets */ = {isa = PBXFileReference; lastKnownFileType = folder.assetcatalog; path = Assets.xcassets; sourceTree = "<group>"; };
		F0662A0B200286A400F3E2A7 /* Base */ = {isa = PBXFileReference; lastKnownFileType = file.storyboard; name = Base; path = Base.lproj/LaunchScreen.storyboard; sourceTree = "<group>"; };
		F0662A0D200286A400F3E2A7 /* Info.plist */ = {isa = PBXFileReference; lastKnownFileType = text.plist.xml; path = Info.plist; sourceTree = "<group>"; };
		F0662A1420028BDF00F3E2A7 /* CoreMotion.framework */ = {isa = PBXFileReference; lastKnownFileType = wrapper.framework; name = CoreMotion.framework; path = System/Library/Frameworks/CoreMotion.framework; sourceTree = SDKROOT; };
		F0662A162002AE1400F3E2A7 /* GLKit.framework */ = {isa = PBXFileReference; lastKnownFileType = wrapper.framework; name = GLKit.framework; path = System/Library/Frameworks/GLKit.framework; sourceTree = SDKROOT; };
		F0662A182002BA5800F3E2A7 /* README.md */ = {isa = PBXFileReference; fileEncoding = 4; lastKnownFileType = net.daringfireball.markdown; path = README.md; sourceTree = "<group>"; };
		F0662A502002BC8000F3E2A7 /* MjpegStreamingKit.xcodeproj */ = {isa = PBXFileReference; lastKnownFileType = "wrapper.pb-project"; path = MjpegStreamingKit.xcodeproj; sourceTree = "<group>"; };
/* End PBXFileReference section */

/* Begin PBXFrameworksBuildPhase section */
		F06629FB200286A400F3E2A7 /* Frameworks */ = {
			isa = PBXFrameworksBuildPhase;
			buildActionMask = 2147483647;
			files = (
				F0662A592002BD6B00F3E2A7 /* MjpegStreamingKit.framework in Frameworks */,
				F0662A172002AE1400F3E2A7 /* GLKit.framework in Frameworks */,
				F0662A1520028BE000F3E2A7 /* CoreMotion.framework in Frameworks */,
				F0662A562002BC8A00F3E2A7 /* MjpegStreamingKit.framework in Frameworks */,
			);
			runOnlyForDeploymentPostprocessing = 0;
		};
/* End PBXFrameworksBuildPhase section */

/* Begin PBXGroup section */
		F06629F5200286A400F3E2A7 = {
			isa = PBXGroup;
			children = (
				F0662A502002BC8000F3E2A7 /* MjpegStreamingKit.xcodeproj */,
				F0662A00200286A400F3E2A7 /* Camcam */,
				F06629FF200286A400F3E2A7 /* Products */,
				F0662A1320028BDF00F3E2A7 /* Frameworks */,
			);
			sourceTree = "<group>";
		};
		F06629FF200286A400F3E2A7 /* Products */ = {
			isa = PBXGroup;
			children = (
				F06629FE200286A400F3E2A7 /* Camcam.app */,
			);
			name = Products;
			sourceTree = "<group>";
		};
		F0662A00200286A400F3E2A7 /* Camcam */ = {
			isa = PBXGroup;
			children = (
				F0662A182002BA5800F3E2A7 /* README.md */,
				F0662A01200286A400F3E2A7 /* AppDelegate.swift */,
				F0662A03200286A400F3E2A7 /* ViewController.swift */,
				F0662A05200286A400F3E2A7 /* Main.storyboard */,
				F0662A08200286A400F3E2A7 /* Assets.xcassets */,
				F0662A0A200286A400F3E2A7 /* LaunchScreen.storyboard */,
				F0662A0D200286A400F3E2A7 /* Info.plist */,
			);
			path = Camcam;
			sourceTree = "<group>";
		};
		F0662A1320028BDF00F3E2A7 /* Frameworks */ = {
			isa = PBXGroup;
			children = (
				F0662A162002AE1400F3E2A7 /* GLKit.framework */,
				F0662A1420028BDF00F3E2A7 /* CoreMotion.framework */,
			);
			name = Frameworks;
			sourceTree = "<group>";
		};
		F0662A512002BC8000F3E2A7 /* Products */ = {
			isa = PBXGroup;
			children = (
				F0662A552002BC8000F3E2A7 /* MjpegStreamingKit.framework */,
			);
			name = Products;
			sourceTree = "<group>";
		};
/* End PBXGroup section */

/* Begin PBXNativeTarget section */
		F06629FD200286A400F3E2A7 /* Camcam */ = {
			isa = PBXNativeTarget;
			buildConfigurationList = F0662A10200286A400F3E2A7 /* Build configuration list for PBXNativeTarget "Camcam" */;
			buildPhases = (
				F06629FA200286A400F3E2A7 /* Sources */,
				F06629FB200286A400F3E2A7 /* Frameworks */,
				F06629FC200286A400F3E2A7 /* Resources */,
				F0662A5D2002BD6B00F3E2A7 /* Embed Frameworks */,
			);
			buildRules = (
			);
			dependencies = (
				F0662A582002BC9500F3E2A7 /* PBXTargetDependency */,
				F0662A5C2002BD6B00F3E2A7 /* PBXTargetDependency */,
			);
			name = Camcam;
			productName = Camcam;
			productReference = F06629FE200286A400F3E2A7 /* Camcam.app */;
			productType = "com.apple.product-type.application";
		};
/* End PBXNativeTarget section */

/* Begin PBXProject section */
		F06629F6200286A400F3E2A7 /* Project object */ = {
			isa = PBXProject;
			attributes = {
				LastSwiftUpdateCheck = 0920;
				LastUpgradeCheck = 0920;
				ORGANIZATIONNAME = Neolyse;
				TargetAttributes = {
					F06629FD200286A400F3E2A7 = {
						CreatedOnToolsVersion = 9.2;
						ProvisioningStyle = Automatic;
					};
				};
			};
			buildConfigurationList = F06629F9200286A400F3E2A7 /* Build configuration list for PBXProject "Camcam" */;
			compatibilityVersion = "Xcode 8.0";
			developmentRegion = en;
			hasScannedForEncodings = 0;
			knownRegions = (
				en,
				Base,
			);
			mainGroup = F06629F5200286A400F3E2A7;
			productRefGroup = F06629FF200286A400F3E2A7 /* Products */;
			projectDirPath = "";
			projectReferences = (
				{
					ProductGroup = F0662A512002BC8000F3E2A7 /* Products */;
					ProjectRef = F0662A502002BC8000F3E2A7 /* MjpegStreamingKit.xcodeproj */;
				},
			);
			projectRoot = "";
			targets = (
				F06629FD200286A400F3E2A7 /* Camcam */,
			);
		};
/* End PBXProject section */

/* Begin PBXReferenceProxy section */
		F0662A552002BC8000F3E2A7 /* MjpegStreamingKit.framework */ = {
			isa = PBXReferenceProxy;
			fileType = wrapper.framework;
			path = MjpegStreamingKit.framework;
			remoteRef = F0662A542002BC8000F3E2A7 /* PBXContainerItemProxy */;
			sourceTree = BUILT_PRODUCTS_DIR;
		};
/* End PBXReferenceProxy section */

/* Begin PBXResourcesBuildPhase section */
		F06629FC200286A400F3E2A7 /* Resources */ = {
			isa = PBXResourcesBuildPhase;
			buildActionMask = 2147483647;
			files = (
				F0662A0C200286A400F3E2A7 /* LaunchScreen.storyboard in Resources */,
				F0662A09200286A400F3E2A7 /* Assets.xcassets in Resources */,
				F0662A342002BA5800F3E2A7 /* README.md in Resources */,
				F0662A07200286A400F3E2A7 /* Main.storyboard in Resources */,
			);
			runOnlyForDeploymentPostprocessing = 0;
		};
/* End PBXResourcesBuildPhase section */

/* Begin PBXSourcesBuildPhase section */
		F06629FA200286A400F3E2A7 /* Sources */ = {
			isa = PBXSourcesBuildPhase;
			buildActionMask = 2147483647;
			files = (
				F0662A04200286A400F3E2A7 /* ViewController.swift in Sources */,
				F0662A02200286A400F3E2A7 /* AppDelegate.swift in Sources */,
			);
			runOnlyForDeploymentPostprocessing = 0;
		};
/* End PBXSourcesBuildPhase section */

/* Begin PBXTargetDependency section */
		F0662A582002BC9500F3E2A7 /* PBXTargetDependency */ = {
			isa = PBXTargetDependency;
			name = MjpegStreamingKit;
			targetProxy = F0662A572002BC9500F3E2A7 /* PBXContainerItemProxy */;
		};
		F0662A5C2002BD6B00F3E2A7 /* PBXTargetDependency */ = {
			isa = PBXTargetDependency;
			name = MjpegStreamingKit;
			targetProxy = F0662A5B2002BD6B00F3E2A7 /* PBXContainerItemProxy */;
		};
/* End PBXTargetDependency section */

/* Begin PBXVariantGroup section */
		F0662A05200286A400F3E2A7 /* Main.storyboard */ = {
			isa = PBXVariantGroup;
			children = (
				F0662A06200286A400F3E2A7 /* Base */,
			);
			name = Main.storyboard;
			sourceTree = "<group>";
		};
		F0662A0A200286A400F3E2A7 /* LaunchScreen.storyboard */ = {
			isa = PBXVariantGroup;
			children = (
				F0662A0B200286A400F3E2A7 /* Base */,
			);
			name = LaunchScreen.storyboard;
			sourceTree = "<group>";
		};
/* End PBXVariantGroup section */

/* Begin XCBuildConfiguration section */
		F0662A0E200286A400F3E2A7 /* Debug */ = {
			isa = XCBuildConfiguration;
			buildSettings = {
				ALWAYS_SEARCH_USER_PATHS = NO;
				CLANG_ANALYZER_NONNULL = YES;
				CLANG_ANALYZER_NUMBER_OBJECT_CONVERSION = YES_AGGRESSIVE;
				CLANG_CXX_LANGUAGE_STANDARD = "gnu++14";
				CLANG_CXX_LIBRARY = "libc++";
				CLANG_ENABLE_MODULES = YES;
				CLANG_ENABLE_OBJC_ARC = YES;
				CLANG_WARN_BLOCK_CAPTURE_AUTORELEASING = YES;
				CLANG_WARN_BOOL_CONVERSION = YES;
				CLANG_WARN_COMMA = YES;
				CLANG_WARN_CONSTANT_CONVERSION = YES;
				CLANG_WARN_DIRECT_OBJC_ISA_USAGE = YES_ERROR;
				CLANG_WARN_DOCUMENTATION_COMMENTS = YES;
				CLANG_WARN_EMPTY_BODY = YES;
				CLANG_WARN_ENUM_CONVERSION = YES;
				CLANG_WARN_INFINITE_RECURSION = YES;
				CLANG_WARN_INT_CONVERSION = YES;
				CLANG_WARN_NON_LITERAL_NULL_CONVERSION = YES;
				CLANG_WARN_OBJC_LITERAL_CONVERSION = YES;
				CLANG_WARN_OBJC_ROOT_CLASS = YES_ERROR;
				CLANG_WARN_RANGE_LOOP_ANALYSIS = YES;
				CLANG_WARN_STRICT_PROTOTYPES = YES;
				CLANG_WARN_SUSPICIOUS_MOVE = YES;
				CLANG_WARN_UNGUARDED_AVAILABILITY = YES_AGGRESSIVE;
				CLANG_WARN_UNREACHABLE_CODE = YES;
				CLANG_WARN__DUPLICATE_METHOD_MATCH = YES;
				CODE_SIGN_IDENTITY = "iPhone Developer";
				COPY_PHASE_STRIP = NO;
				DEBUG_INFORMATION_FORMAT = dwarf;
				ENABLE_STRICT_OBJC_MSGSEND = YES;
				ENABLE_TESTABILITY = YES;
				GCC_C_LANGUAGE_STANDARD = gnu11;
				GCC_DYNAMIC_NO_PIC = NO;
				GCC_NO_COMMON_BLOCKS = YES;
				GCC_OPTIMIZATION_LEVEL = 0;
				GCC_PREPROCESSOR_DEFINITIONS = (
					"DEBUG=1",
					"$(inherited)",
				);
				GCC_WARN_64_TO_32_BIT_CONVERSION = YES;
				GCC_WARN_ABOUT_RETURN_TYPE = YES_ERROR;
				GCC_WARN_UNDECLARED_SELECTOR = YES;
				GCC_WARN_UNINITIALIZED_AUTOS = YES_AGGRESSIVE;
				GCC_WARN_UNUSED_FUNCTION = YES;
				GCC_WARN_UNUSED_VARIABLE = YES;
				IPHONEOS_DEPLOYMENT_TARGET = 11.2;
				MTL_ENABLE_DEBUG_INFO = YES;
				ONLY_ACTIVE_ARCH = YES;
				SDKROOT = iphoneos;
				SWIFT_ACTIVE_COMPILATION_CONDITIONS = DEBUG;
				SWIFT_OPTIMIZATION_LEVEL = "-Onone";
			};
			name = Debug;
		};
		F0662A0F200286A400F3E2A7 /* Release */ = {
			isa = XCBuildConfiguration;
			buildSettings = {
				ALWAYS_SEARCH_USER_PATHS = NO;
				CLANG_ANALYZER_NONNULL = YES;
				CLANG_ANALYZER_NUMBER_OBJECT_CONVERSION = YES_AGGRESSIVE;
				CLANG_CXX_LANGUAGE_STANDARD = "gnu++14";
				CLANG_CXX_LIBRARY = "libc++";
				CLANG_ENABLE_MODULES = YES;
				CLANG_ENABLE_OBJC_ARC = YES;
				CLANG_WARN_BLOCK_CAPTURE_AUTORELEASING = YES;
				CLANG_WARN_BOOL_CONVERSION = YES;
				CLANG_WARN_COMMA = YES;
				CLANG_WARN_CONSTANT_CONVERSION = YES;
				CLANG_WARN_DIRECT_OBJC_ISA_USAGE = YES_ERROR;
				CLANG_WARN_DOCUMENTATION_COMMENTS = YES;
				CLANG_WARN_EMPTY_BODY = YES;
				CLANG_WARN_ENUM_CONVERSION = YES;
				CLANG_WARN_INFINITE_RECURSION = YES;
				CLANG_WARN_INT_CONVERSION = YES;
				CLANG_WARN_NON_LITERAL_NULL_CONVERSION = YES;
				CLANG_WARN_OBJC_LITERAL_CONVERSION = YES;
				CLANG_WARN_OBJC_ROOT_CLASS = YES_ERROR;
				CLANG_WARN_RANGE_LOOP_ANALYSIS = YES;
				CLANG_WARN_STRICT_PROTOTYPES = YES;
				CLANG_WARN_SUSPICIOUS_MOVE = YES;
				CLANG_WARN_UNGUARDED_AVAILABILITY = YES_AGGRESSIVE;
				CLANG_WARN_UNREACHABLE_CODE = YES;
				CLANG_WARN__DUPLICATE_METHOD_MATCH = YES;
				CODE_SIGN_IDENTITY = "iPhone Developer";
				COPY_PHASE_STRIP = NO;
				DEBUG_INFORMATION_FORMAT = "dwarf-with-dsym";
				ENABLE_NS_ASSERTIONS = NO;
				ENABLE_STRICT_OBJC_MSGSEND = YES;
				GCC_C_LANGUAGE_STANDARD = gnu11;
				GCC_NO_COMMON_BLOCKS = YES;
				GCC_WARN_64_TO_32_BIT_CONVERSION = YES;
				GCC_WARN_ABOUT_RETURN_TYPE = YES_ERROR;
				GCC_WARN_UNDECLARED_SELECTOR = YES;
				GCC_WARN_UNINITIALIZED_AUTOS = YES_AGGRESSIVE;
				GCC_WARN_UNUSED_FUNCTION = YES;
				GCC_WARN_UNUSED_VARIABLE = YES;
				IPHONEOS_DEPLOYMENT_TARGET = 11.2;
				MTL_ENABLE_DEBUG_INFO = NO;
				SDKROOT = iphoneos;
				SWIFT_OPTIMIZATION_LEVEL = "-Owholemodule";
				VALIDATE_PRODUCT = YES;
			};
			name = Release;
		};
		F0662A11200286A400F3E2A7 /* Debug */ = {
			isa = XCBuildConfiguration;
			buildSettings = {
				ALWAYS_EMBED_SWIFT_STANDARD_LIBRARIES = YES;
				ASSETCATALOG_COMPILER_APPICON_NAME = AppIcon;
				CODE_SIGN_STYLE = Automatic;
				DEVELOPMENT_TEAM = 2R64CMJ78F;
				FRAMEWORK_SEARCH_PATHS = (
					"$(inherited)",
					"$(PROJECT_DIR)/Camcam",
				);
				INFOPLIST_FILE = Camcam/Info.plist;
				LD_RUNPATH_SEARCH_PATHS = "$(inherited) @executable_path/Frameworks";
				PRODUCT_BUNDLE_IDENTIFIER = info.neolyse.Wallabag.Camcam;
				PRODUCT_NAME = "$(TARGET_NAME)";
				SWIFT_VERSION = 4.0;
				TARGETED_DEVICE_FAMILY = "1,2";
			};
			name = Debug;
		};
		F0662A12200286A400F3E2A7 /* Release */ = {
			isa = XCBuildConfiguration;
			buildSettings = {
				ALWAYS_EMBED_SWIFT_STANDARD_LIBRARIES = YES;
				ASSETCATALOG_COMPILER_APPICON_NAME = AppIcon;
				CODE_SIGN_STYLE = Automatic;
				DEVELOPMENT_TEAM = 2R64CMJ78F;
				FRAMEWORK_SEARCH_PATHS = (
					"$(inherited)",
					"$(PROJECT_DIR)/Camcam",
				);
				INFOPLIST_FILE = Camcam/Info.plist;
				LD_RUNPATH_SEARCH_PATHS = "$(inherited) @executable_path/Frameworks";
				PRODUCT_BUNDLE_IDENTIFIER = info.neolyse.Wallabag.Camcam;
				PRODUCT_NAME = "$(TARGET_NAME)";
				SWIFT_VERSION = 4.0;
				TARGETED_DEVICE_FAMILY = "1,2";
			};
			name = Release;
		};
/* End XCBuildConfiguration section */

/* Begin XCConfigurationList section */
		F06629F9200286A400F3E2A7 /* Build configuration list for PBXProject "Camcam" */ = {
			isa = XCConfigurationList;
			buildConfigurations = (
				F0662A0E200286A400F3E2A7 /* Debug */,
				F0662A0F200286A400F3E2A7 /* Release */,
			);
			defaultConfigurationIsVisible = 0;
			defaultConfigurationName = Release;
		};
		F0662A10200286A400F3E2A7 /* Build configuration list for PBXNativeTarget "Camcam" */ = {
			isa = XCConfigurationList;
			buildConfigurations = (
				F0662A11200286A400F3E2A7 /* Debug */,
				F0662A12200286A400F3E2A7 /* Release */,
			);
			defaultConfigurationIsVisible = 0;
			defaultConfigurationName = Release;
		};
/* End XCConfigurationList section */
	};
	rootObject = F06629F6200286A400F3E2A7 /* Project object */;
}
